// !$*UTF8*$!
{
	archiveVersion = 1;
	classes = {
	};
	objectVersion = 46;
	objects = {

/* Begin PBXBuildFile section */
		9CE978021AA61C910019FBEF /* AppDelegate.swift in Sources */ = {isa = PBXBuildFile; fileRef = 9CE978011AA61C910019FBEF /* AppDelegate.swift */; };
		9CE978041AA61C910019FBEF /* ViewController.swift in Sources */ = {isa = PBXBuildFile; fileRef = 9CE978031AA61C910019FBEF /* ViewController.swift */; };
		9CE978071AA61C910019FBEF /* Main.storyboard in Resources */ = {isa = PBXBuildFile; fileRef = 9CE978051AA61C910019FBEF /* Main.storyboard */; };
		9CE978091AA61C910019FBEF /* Images.xcassets in Resources */ = {isa = PBXBuildFile; fileRef = 9CE978081AA61C910019FBEF /* Images.xcassets */; };
		9CE9780C1AA61C910019FBEF /* LaunchScreen.xib in Resources */ = {isa = PBXBuildFile; fileRef = 9CE9780A1AA61C910019FBEF /* LaunchScreen.xib */; };
		9CE978181AA61C920019FBEF /* Weather_FollowerTests.swift in Sources */ = {isa = PBXBuildFile; fileRef = 9CE978171AA61C920019FBEF /* Weather_FollowerTests.swift */; };
/* End PBXBuildFile section */

/* Begin PBXContainerItemProxy section */
		9CE978121AA61C920019FBEF /* PBXContainerItemProxy */ = {
			isa = PBXContainerItemProxy;
			containerPortal = 9CE977F41AA61C900019FBEF /* Project object */;
			proxyType = 1;
			remoteGlobalIDString = 9CE977FB1AA61C910019FBEF;
			remoteInfo = "Weather Follower";
		};
/* End PBXContainerItemProxy section */

/* Begin PBXFileReference section */
		9CE977FC1AA61C910019FBEF /* Weather Follower.app */ = {isa = PBXFileReference; explicitFileType = wrapper.application; includeInIndex = 0; path = "Weather Follower.app"; sourceTree = BUILT_PRODUCTS_DIR; };
		9CE978001AA61C910019FBEF /* Info.plist */ = {isa = PBXFileReference; lastKnownFileType = text.plist.xml; path = Info.plist; sourceTree = "<group>"; };
		9CE978011AA61C910019FBEF /* AppDelegate.swift */ = {isa = PBXFileReference; lastKnownFileType = sourcecode.swift; path = AppDelegate.swift; sourceTree = "<group>"; };
		9CE978031AA61C910019FBEF /* ViewController.swift */ = {isa = PBXFileReference; lastKnownFileType = sourcecode.swift; path = ViewController.swift; sourceTree = "<group>"; };
		9CE978061AA61C910019FBEF /* Base */ = {isa = PBXFileReference; lastKnownFileType = file.storyboard; name = Base; path = Base.lproj/Main.storyboard; sourceTree = "<group>"; };
		9CE978081AA61C910019FBEF /* Images.xcassets */ = {isa = PBXFileReference; lastKnownFileType = folder.assetcatalog; path = Images.xcassets; sourceTree = "<group>"; };
		9CE9780B1AA61C910019FBEF /* Base */ = {isa = PBXFileReference; lastKnownFileType = file.xib; name = Base; path = Base.lproj/LaunchScreen.xib; sourceTree = "<group>"; };
		9CE978111AA61C920019FBEF /* Weather FollowerTests.xctest */ = {isa = PBXFileReference; explicitFileType = wrapper.cfbundle; includeInIndex = 0; path = "Weather FollowerTests.xctest"; sourceTree = BUILT_PRODUCTS_DIR; };
		9CE978161AA61C920019FBEF /* Info.plist */ = {isa = PBXFileReference; lastKnownFileType = text.plist.xml; path = Info.plist; sourceTree = "<group>"; };
		9CE978171AA61C920019FBEF /* Weather_FollowerTests.swift */ = {isa = PBXFileReference; lastKnownFileType = sourcecode.swift; path = Weather_FollowerTests.swift; sourceTree = "<group>"; };
/* End PBXFileReference section */

/* Begin PBXFrameworksBuildPhase section */
		9CE977F91AA61C910019FBEF /* Frameworks */ = {
			isa = PBXFrameworksBuildPhase;
			buildActionMask = 2147483647;
			files = (
			);
			runOnlyForDeploymentPostprocessing = 0;
		};
		9CE9780E1AA61C920019FBEF /* Frameworks */ = {
			isa = PBXFrameworksBuildPhase;
			buildActionMask = 2147483647;
			files = (
			);
			runOnlyForDeploymentPostprocessing = 0;
		};
/* End PBXFrameworksBuildPhase section */

/* Begin PBXGroup section */
		9CE977F31AA61C900019FBEF = {
			isa = PBXGroup;
			children = (
				9CE977FE1AA61C910019FBEF /* Weather Follower */,
				9CE978141AA61C920019FBEF /* Weather FollowerTests */,
				9CE977FD1AA61C910019FBEF /* Products */,
			);
			sourceTree = "<group>";
		};
		9CE977FD1AA61C910019FBEF /* Products */ = {
			isa = PBXGroup;
			children = (
				9CE977FC1AA61C910019FBEF /* Weather Follower.app */,
				9CE978111AA61C920019FBEF /* Weather FollowerTests.xctest */,
			);
			name = Products;
			sourceTree = "<group>";
		};
		9CE977FE1AA61C910019FBEF /* Weather Follower */ = {
			isa = PBXGroup;
			children = (
				9CE978011AA61C910019FBEF /* AppDelegate.swift */,
				9CE978031AA61C910019FBEF /* ViewController.swift */,
				9CE978051AA61C910019FBEF /* Main.storyboard */,
				9CE978081AA61C910019FBEF /* Images.xcassets */,
				9CE9780A1AA61C910019FBEF /* LaunchScreen.xib */,
				9CE977FF1AA61C910019FBEF /* Supporting Files */,
			);
			path = "Weather Follower";
			sourceTree = "<group>";
		};
		9CE977FF1AA61C910019FBEF /* Supporting Files */ = {
			isa = PBXGroup;
			children = (
				9CE978001AA61C910019FBEF /* Info.plist */,
			);
			name = "Supporting Files";
			sourceTree = "<group>";
		};
		9CE978141AA61C920019FBEF /* Weather FollowerTests */ = {
			isa = PBXGroup;
			children = (
				9CE978171AA61C920019FBEF /* Weather_FollowerTests.swift */,
				9CE978151AA61C920019FBEF /* Supporting Files */,
			);
			path = "Weather FollowerTests";
			sourceTree = "<group>";
		};
		9CE978151AA61C920019FBEF /* Supporting Files */ = {
			isa = PBXGroup;
			children = (
				9CE978161AA61C920019FBEF /* Info.plist */,
			);
			name = "Supporting Files";
			sourceTree = "<group>";
		};
/* End PBXGroup section */

/* Begin PBXNativeTarget section */
		9CE977FB1AA61C910019FBEF /* Weather Follower */ = {
			isa = PBXNativeTarget;
			buildConfigurationList = 9CE9781B1AA61C920019FBEF /* Build configuration list for PBXNativeTarget "Weather Follower" */;
			buildPhases = (
				9CE977F81AA61C910019FBEF /* Sources */,
				9CE977F91AA61C910019FBEF /* Frameworks */,
				9CE977FA1AA61C910019FBEF /* Resources */,
			);
			buildRules = (
			);
			dependencies = (
			);
			name = "Weather Follower";
			productName = "Weather Follower";
			productReference = 9CE977FC1AA61C910019FBEF /* Weather Follower.app */;
			productType = "com.apple.product-type.application";
		};
		9CE978101AA61C920019FBEF /* Weather FollowerTests */ = {
			isa = PBXNativeTarget;
			buildConfigurationList = 9CE9781E1AA61C920019FBEF /* Build configuration list for PBXNativeTarget "Weather FollowerTests" */;
			buildPhases = (
				9CE9780D1AA61C920019FBEF /* Sources */,
				9CE9780E1AA61C920019FBEF /* Frameworks */,
				9CE9780F1AA61C920019FBEF /* Resources */,
			);
			buildRules = (
			);
			dependencies = (
				9CE978131AA61C920019FBEF /* PBXTargetDependency */,
			);
			name = "Weather FollowerTests";
			productName = "Weather FollowerTests";
			productReference = 9CE978111AA61C920019FBEF /* Weather FollowerTests.xctest */;
			productType = "com.apple.product-type.bundle.unit-test";
		};
/* End PBXNativeTarget section */

/* Begin PBXProject section */
		9CE977F41AA61C900019FBEF /* Project object */ = {
			isa = PBXProject;
			attributes = {
				LastUpgradeCheck = 0610;
				ORGANIZATIONNAME = Leandro;
				TargetAttributes = {
					9CE977FB1AA61C910019FBEF = {
						CreatedOnToolsVersion = 6.1.1;
					};
					9CE978101AA61C920019FBEF = {
						CreatedOnToolsVersion = 6.1.1;
						TestTargetID = 9CE977FB1AA61C910019FBEF;
					};
				};
			};
			buildConfigurationList = 9CE977F71AA61C910019FBEF /* Build configuration list for PBXProject "Weather Follower" */;
			compatibilityVersion = "Xcode 3.2";
			developmentRegion = English;
			hasScannedForEncodings = 0;
			knownRegions = (
				en,
				Base,
			);
			mainGroup = 9CE977F31AA61C900019FBEF;
			productRefGroup = 9CE977FD1AA61C910019FBEF /* Products */;
			projectDirPath = "";
			projectRoot = "";
			targets = (
				9CE977FB1AA61C910019FBEF /* Weather Follower */,
				9CE978101AA61C920019FBEF /* Weather FollowerTests */,
			);
		};
/* End PBXProject section */

/* Begin PBXResourcesBuildPhase section */
		9CE977FA1AA61C910019FBEF /* Resources */ = {
			isa = PBXResourcesBuildPhase;
			buildActionMask = 2147483647;
			files = (
				9CE978071AA61C910019FBEF /* Main.storyboard in Resources */,
				9CE9780C1AA61C910019FBEF /* LaunchScreen.xib in Resources */,
				9CE978091AA61C910019FBEF /* Images.xcassets in Resources */,
			);
			runOnlyForDeploymentPostprocessing = 0;
		};
		9CE9780F1AA61C920019FBEF /* Resources */ = {
			isa = PBXResourcesBuildPhase;
			buildActionMask = 2147483647;
			files = (
			);
			runOnlyForDeploymentPostprocessing = 0;
		};
/* End PBXResourcesBuildPhase section */

/* Begin PBXSourcesBuildPhase section */
		9CE977F81AA61C910019FBEF /* Sources */ = {
			isa = PBXSourcesBuildPhase;
			buildActionMask = 2147483647;
			files = (
				9CE978041AA61C910019FBEF /* ViewController.swift in Sources */,
				9CE978021AA61C910019FBEF /* AppDelegate.swift in Sources */,
			);
			runOnlyForDeploymentPostprocessing = 0;
		};
		9CE9780D1AA61C920019FBEF /* Sources */ = {
			isa = PBXSourcesBuildPhase;
			buildActionMask = 2147483647;
			files = (
				9CE978181AA61C920019FBEF /* Weather_FollowerTests.swift in Sources */,
			);
			runOnlyForDeploymentPostprocessing = 0;
		};
/* End PBXSourcesBuildPhase section */

/* Begin PBXTargetDependency section */
		9CE978131AA61C920019FBEF /* PBXTargetDependency */ = {
			isa = PBXTargetDependency;
			target = 9CE977FB1AA61C910019FBEF /* Weather Follower */;
			targetProxy = 9CE978121AA61C920019FBEF /* PBXContainerItemProxy */;
		};
/* End PBXTargetDependency section */

/* Begin PBXVariantGroup section */
		9CE978051AA61C910019FBEF /* Main.storyboard */ = {
			isa = PBXVariantGroup;
			children = (
				9CE978061AA61C910019FBEF /* Base */,
			);
			name = Main.storyboard;
			sourceTree = "<group>";
		};
		9CE9780A1AA61C910019FBEF /* LaunchScreen.xib */ = {
			isa = PBXVariantGroup;
			children = (
				9CE9780B1AA61C910019FBEF /* Base */,
			);
			name = LaunchScreen.xib;
			sourceTree = "<group>";
		};
/* End PBXVariantGroup section */

/* Begin XCBuildConfiguration section */
		9CE978191AA61C920019FBEF /* Debug */ = {
			isa = XCBuildConfiguration;
			buildSettings = {
				ALWAYS_SEARCH_USER_PATHS = NO;
				CLANG_CXX_LANGUAGE_STANDARD = "gnu++0x";
				CLANG_CXX_LIBRARY = "libc++";
				CLANG_ENABLE_MODULES = YES;
				CLANG_ENABLE_OBJC_ARC = YES;
				CLANG_WARN_BOOL_CONVERSION = YES;
				CLANG_WARN_CONSTANT_CONVERSION = YES;
				CLANG_WARN_DIRECT_OBJC_ISA_USAGE = YES_ERROR;
				CLANG_WARN_EMPTY_BODY = YES;
				CLANG_WARN_ENUM_CONVERSION = YES;
				CLANG_WARN_INT_CONVERSION = YES;
				CLANG_WARN_OBJC_ROOT_CLASS = YES_ERROR;
				CLANG_WARN_UNREACHABLE_CODE = YES;
				CLANG_WARN__DUPLICATE_METHOD_MATCH = YES;
				"CODE_SIGN_IDENTITY[sdk=iphoneos*]" = "iPhone Developer";
				COPY_PHASE_STRIP = NO;
				ENABLE_STRICT_OBJC_MSGSEND = YES;
				GCC_C_LANGUAGE_STANDARD = gnu99;
				GCC_DYNAMIC_NO_PIC = NO;
				GCC_OPTIMIZATION_LEVEL = 0;
				GCC_PREPROCESSOR_DEFINITIONS = (
					"DEBUG=1",
					"$(inherited)",
				);
				GCC_SYMBOLS_PRIVATE_EXTERN = NO;
				GCC_WARN_64_TO_32_BIT_CONVERSION = YES;
				GCC_WARN_ABOUT_RETURN_TYPE = YES_ERROR;
				GCC_WARN_UNDECLARED_SELECTOR = YES;
				GCC_WARN_UNINITIALIZED_AUTOS = YES_AGGRESSIVE;
				GCC_WARN_UNUSED_FUNCTION = YES;
				GCC_WARN_UNUSED_VARIABLE = YES;
				IPHONEOS_DEPLOYMENT_TARGET = 8.1;
				MTL_ENABLE_DEBUG_INFO = YES;
				ONLY_ACTIVE_ARCH = YES;
				SDKROOT = iphoneos;
				SWIFT_OPTIMIZATION_LEVEL = "-Onone";
				TARGETED_DEVICE_FAMILY = "1,2";
			};
			name = Debug;
		};
		9CE9781A1AA61C920019FBEF /* Release */ = {
			isa = XCBuildConfiguration;
			buildSettings = {
				ALWAYS_SEARCH_USER_PATHS = NO;
				CLANG_CXX_LANGUAGE_STANDARD = "gnu++0x";
				CLANG_CXX_LIBRARY = "libc++";
				CLANG_ENABLE_MODULES = YES;
				CLANG_ENABLE_OBJC_ARC = YES;
				CLANG_WARN_BOOL_CONVERSION = YES;
				CLANG_WARN_CONSTANT_CONVERSION = YES;
				CLANG_WARN_DIRECT_OBJC_ISA_USAGE = YES_ERROR;
				CLANG_WARN_EMPTY_BODY = YES;
				CLANG_WARN_ENUM_CONVERSION = YES;
				CLANG_WARN_INT_CONVERSION = YES;
				CLANG_WARN_OBJC_ROOT_CLASS = YES_ERROR;
				CLANG_WARN_UNREACHABLE_CODE = YES;
				CLANG_WARN__DUPLICATE_METHOD_MATCH = YES;
				"CODE_SIGN_IDENTITY[sdk=iphoneos*]" = "iPhone Developer";
				COPY_PHASE_STRIP = YES;
				ENABLE_NS_ASSERTIONS = NO;
				ENABLE_STRICT_OBJC_MSGSEND = YES;
				GCC_C_LANGUAGE_STANDARD = gnu99;
				GCC_WARN_64_TO_32_BIT_CONVERSION = YES;
				GCC_WARN_ABOUT_RETURN_TYPE = YES_ERROR;
				GCC_WARN_UNDECLARED_SELECTOR = YES;
				GCC_WARN_UNINITIALIZED_AUTOS = YES_AGGRESSIVE;
				GCC_WARN_UNUSED_FUNCTION = YES;
				GCC_WARN_UNUSED_VARIABLE = YES;
				IPHONEOS_DEPLOYMENT_TARGET = 8.1;
				MTL_ENABLE_DEBUG_INFO = NO;
				SDKROOT = iphoneos;
				TARGETED_DEVICE_FAMILY = "1,2";
				VALIDATE_PRODUCT = YES;
			};
			name = Release;
		};
		9CE9781C1AA61C920019FBEF /* Debug */ = {
			isa = XCBuildConfiguration;
			buildSettings = {
				ASSETCATALOG_COMPILER_APPICON_NAME = AppIcon;
				INFOPLIST_FILE = "Weather Follower/Info.plist";
				LD_RUNPATH_SEARCH_PATHS = "$(inherited) @executable_path/Frameworks";
				PRODUCT_NAME = "$(TARGET_NAME)";
			};
			name = Debug;
		};
		9CE9781D1AA61C920019FBEF /* Release */ = {
			isa = XCBuildConfiguration;
			buildSettings = {
				ASSETCATALOG_COMPILER_APPICON_NAME = AppIcon;
				INFOPLIST_FILE = "Weather Follower/Info.plist";
				LD_RUNPATH_SEARCH_PATHS = "$(inherited) @executable_path/Frameworks";
				PRODUCT_NAME = "$(TARGET_NAME)";
			};
			name = Release;
		};
		9CE9781F1AA61C920019FBEF /* Debug */ = {
			isa = XCBuildConfiguration;
			buildSettings = {
				BUNDLE_LOADER = "$(TEST_HOST)";
				FRAMEWORK_SEARCH_PATHS = (
					"$(SDKROOT)/Developer/Library/Frameworks",
					"$(inherited)",
				);
				GCC_PREPROCESSOR_DEFINITIONS = (
					"DEBUG=1",
					"$(inherited)",
				);
				INFOPLIST_FILE = "Weather FollowerTests/Info.plist";
				LD_RUNPATH_SEARCH_PATHS = "$(inherited) @executable_path/Frameworks @loader_path/Frameworks";
				PRODUCT_NAME = "$(TARGET_NAME)";
				TEST_HOST = "$(BUILT_PRODUCTS_DIR)/Weather Follower.app/Weather Follower";
			};
			name = Debug;
		};
		9CE978201AA61C920019FBEF /* Release */ = {
			isa = XCBuildConfiguration;
			buildSettings = {
				BUNDLE_LOADER = "$(TEST_HOST)";
				FRAMEWORK_SEARCH_PATHS = (
					"$(SDKROOT)/Developer/Library/Frameworks",
					"$(inherited)",
				);
				INFOPLIST_FILE = "Weather FollowerTests/Info.plist";
				LD_RUNPATH_SEARCH_PATHS = "$(inherited) @executable_path/Frameworks @loader_path/Frameworks";
				PRODUCT_NAME = "$(TARGET_NAME)";
				TEST_HOST = "$(BUILT_PRODUCTS_DIR)/Weather Follower.app/Weather Follower";
			};
			name = Release;
		};
/* End XCBuildConfiguration section */

/* Begin XCConfigurationList section */
		9CE977F71AA61C910019FBEF /* Build configuration list for PBXProject "Weather Follower" */ = {
			isa = XCConfigurationList;
			buildConfigurations = (
				9CE978191AA61C920019FBEF /* Debug */,
				9CE9781A1AA61C920019FBEF /* Release */,
			);
			defaultConfigurationIsVisible = 0;
			defaultConfigurationName = Release;
		};
		9CE9781B1AA61C920019FBEF /* Build configuration list for PBXNativeTarget "Weather Follower" */ = {
			isa = XCConfigurationList;
			buildConfigurations = (
				9CE9781C1AA61C920019FBEF /* Debug */,
				9CE9781D1AA61C920019FBEF /* Release */,
			);
			defaultConfigurationIsVisible = 0;
		};
		9CE9781E1AA61C920019FBEF /* Build configuration list for PBXNativeTarget "Weather FollowerTests" */ = {
			isa = XCConfigurationList;
			buildConfigurations = (
				9CE9781F1AA61C920019FBEF /* Debug */,
				9CE978201AA61C920019FBEF /* Release */,
			);
			defaultConfigurationIsVisible = 0;
		};
/* End XCConfigurationList section */
	};
	rootObject = 9CE977F41AA61C900019FBEF /* Project object */;
}
